
Microsoft Visual Studio Solution File, Format Version 12.00
# Visual Studio Version 17
VisualStudioVersion = 17.4.33213.308
MinimumVisualStudioVersion = 10.0.40219.1
Project("{FAE04EC0-301F-11D3-BF4B-00C04F79EFBC}") = "Practika3", "Practika3\Practika3.csproj", "{DB18D5FF-27FE-442C-AE21-77F763BD7D26}"
EndProject
Global
	GlobalSection(SolutionConfigurationPlatforms) = preSolution
		Debug|Any CPU = Debug|Any CPU
		Release|Any CPU = Release|Any CPU
	EndGlobalSection
	GlobalSection(ProjectConfigurationPlatforms) = postSolution
		{DB18D5FF-27FE-442C-AE21-77F763BD7D26}.Debug|Any CPU.ActiveCfg = Debug|Any CPU
		{DB18D5FF-27FE-442C-AE21-77F763BD7D26}.Debug|Any CPU.Build.0 = Debug|Any CPU
		{DB18D5FF-27FE-442C-AE21-77F763BD7D26}.Release|Any CPU.ActiveCfg = Release|Any CPU
		{DB18D5FF-27FE-442C-AE21-77F763BD7D26}.Release|Any CPU.Build.0 = Release|Any CPU
	EndGlobalSection
	GlobalSection(SolutionProperties) = preSolution
		HideSolutionNode = FALSE
	EndGlobalSection
	GlobalSection(ExtensibilityGlobals) = postSolution
		SolutionGuid = {39B71BC1-765D-4600-BBF2-9B7F9787E7C4}
	EndGlobalSection
EndGlobal
